{
  "name": "@carto/carto-vl",
  "version": "0.3.0",
  "lockfileVersion": 1,
  "requires": true,
  "dependencies": {
    "jsdoc-escape-at": {
      "version": "1.0.1",
      "resolved": "https://registry.npmjs.org/jsdoc-escape-at/-/jsdoc-escape-at-1.0.1.tgz",
      "integrity": "sha1-oSZGg6MvPgOlichdbpJ2lxjHq5A=",
      "dev": true
    }
  }
}
